{
  "name": "swipebot",
  "version": "0.0.1",
  "lockfileVersion": 1,
  "requires": true,
  "dependencies": {
    "@aero/centra": {
      "version": "1.0.6",
      "resolved": "https://registry.npmjs.org/@aero/centra/-/centra-1.0.6.tgz",
      "integrity": "sha512-e7sUh/VjugT8LsHb4/hcbmhaVVi9deWWPQnlMnU0RAnF8+iCdGdCcKvoHnDNl/ELykwjpbKpBYbWPx0yKZaDpw=="
    },
    "tinderjs": {
      "version": "git+https://github.com/puf17640/tinder.js.git#e5677fc12397869d82f94c5e7fd3cd223d28c802",
      "from": "git+https://github.com/puf17640/tinder.js.git",
      "requires": {
        "@aero/centra": "1.0.6"
      }
    }
  }
}
